
Microsoft Visual Studio Solution File, Format Version 12.00
# Visual Studio Version 17
VisualStudioVersion = 17.12.35707.178 d17.12
MinimumVisualStudioVersion = 10.0.40219.1
Project("{FAE04EC0-301F-11D3-BF4B-00C04F79EFBC}") = "TPcommerce", "TPcommerce\TPcommerce.csproj", "{2F21DBC6-6767-450C-9E67-FCC33CB1FEA5}"
EndProject
Project("{FAE04EC0-301F-11D3-BF4B-00C04F79EFBC}") = "Gateway", "Gateway\Gateway.csproj", "{C74C0C81-08E6-4860-858D-09BA2ED56E18}"
EndProject
Project("{FAE04EC0-301F-11D3-BF4B-00C04F79EFBC}") = "Products", "Products\Products.csproj", "{284F4597-BDFE-4520-B1DE-F315ECB1F31F}"
EndProject
Project("{FAE04EC0-301F-11D3-BF4B-00C04F79EFBC}") = "Users", "Users\Users.csproj", "{FF9473B6-1438-4478-985E-E42D224B93A0}"
EndProject
Project("{FAE04EC0-301F-11D3-BF4B-00C04F79EFBC}") = "Commandes", "Commandes\Commandes.csproj", "{B0E65612-283C-4DA8-8C37-27505529104A}"
EndProject
Project("{FAE04EC0-301F-11D3-BF4B-00C04F79EFBC}") = "Orders", "Orders\Orders.csproj", "{8C226539-DDE7-47FD-99DD-899F6616019B}"
EndProject
Project("{FAE04EC0-301F-11D3-BF4B-00C04F79EFBC}") = "Carts", "Carts\Carts.csproj", "{B21BE158-F6F6-41A3-983E-899581FB1F20}"
EndProject
Project("{FAE04EC0-301F-11D3-BF4B-00C04F79EFBC}") = "Payments", "Payments\Payments.csproj", "{7036A6AD-5766-4522-B49B-87B8F2A65B91}"
EndProject
Project("{FAE04EC0-301F-11D3-BF4B-00C04F79EFBC}") = "Authentification", "Authentification\Authentification.csproj", "{7752E166-B19B-494A-ABC9-86D67802D733}"
EndProject
Global
	GlobalSection(SolutionConfigurationPlatforms) = preSolution
		Debug|Any CPU = Debug|Any CPU
		Release|Any CPU = Release|Any CPU
	EndGlobalSection
	GlobalSection(ProjectConfigurationPlatforms) = postSolution
		{2F21DBC6-6767-450C-9E67-FCC33CB1FEA5}.Debug|Any CPU.ActiveCfg = Debug|Any CPU
		{2F21DBC6-6767-450C-9E67-FCC33CB1FEA5}.Debug|Any CPU.Build.0 = Debug|Any CPU
		{2F21DBC6-6767-450C-9E67-FCC33CB1FEA5}.Release|Any CPU.ActiveCfg = Release|Any CPU
		{2F21DBC6-6767-450C-9E67-FCC33CB1FEA5}.Release|Any CPU.Build.0 = Release|Any CPU
		{C74C0C81-08E6-4860-858D-09BA2ED56E18}.Debug|Any CPU.ActiveCfg = Debug|Any CPU
		{C74C0C81-08E6-4860-858D-09BA2ED56E18}.Debug|Any CPU.Build.0 = Debug|Any CPU
		{C74C0C81-08E6-4860-858D-09BA2ED56E18}.Release|Any CPU.ActiveCfg = Release|Any CPU
		{C74C0C81-08E6-4860-858D-09BA2ED56E18}.Release|Any CPU.Build.0 = Release|Any CPU
		{284F4597-BDFE-4520-B1DE-F315ECB1F31F}.Debug|Any CPU.ActiveCfg = Debug|Any CPU
		{284F4597-BDFE-4520-B1DE-F315ECB1F31F}.Debug|Any CPU.Build.0 = Debug|Any CPU
		{284F4597-BDFE-4520-B1DE-F315ECB1F31F}.Release|Any CPU.ActiveCfg = Release|Any CPU
		{284F4597-BDFE-4520-B1DE-F315ECB1F31F}.Release|Any CPU.Build.0 = Release|Any CPU
		{FF9473B6-1438-4478-985E-E42D224B93A0}.Debug|Any CPU.ActiveCfg = Debug|Any CPU
		{FF9473B6-1438-4478-985E-E42D224B93A0}.Debug|Any CPU.Build.0 = Debug|Any CPU
		{FF9473B6-1438-4478-985E-E42D224B93A0}.Release|Any CPU.ActiveCfg = Release|Any CPU
		{FF9473B6-1438-4478-985E-E42D224B93A0}.Release|Any CPU.Build.0 = Release|Any CPU
		{B0E65612-283C-4DA8-8C37-27505529104A}.Debug|Any CPU.ActiveCfg = Debug|Any CPU
		{B0E65612-283C-4DA8-8C37-27505529104A}.Debug|Any CPU.Build.0 = Debug|Any CPU
		{B0E65612-283C-4DA8-8C37-27505529104A}.Release|Any CPU.ActiveCfg = Release|Any CPU
		{B0E65612-283C-4DA8-8C37-27505529104A}.Release|Any CPU.Build.0 = Release|Any CPU
		{8C226539-DDE7-47FD-99DD-899F6616019B}.Debug|Any CPU.ActiveCfg = Debug|Any CPU
		{8C226539-DDE7-47FD-99DD-899F6616019B}.Debug|Any CPU.Build.0 = Debug|Any CPU
		{8C226539-DDE7-47FD-99DD-899F6616019B}.Release|Any CPU.ActiveCfg = Release|Any CPU
		{8C226539-DDE7-47FD-99DD-899F6616019B}.Release|Any CPU.Build.0 = Release|Any CPU
		{B21BE158-F6F6-41A3-983E-899581FB1F20}.Debug|Any CPU.ActiveCfg = Debug|Any CPU
		{B21BE158-F6F6-41A3-983E-899581FB1F20}.Debug|Any CPU.Build.0 = Debug|Any CPU
		{B21BE158-F6F6-41A3-983E-899581FB1F20}.Release|Any CPU.ActiveCfg = Release|Any CPU
		{B21BE158-F6F6-41A3-983E-899581FB1F20}.Release|Any CPU.Build.0 = Release|Any CPU
		{7036A6AD-5766-4522-B49B-87B8F2A65B91}.Debug|Any CPU.ActiveCfg = Debug|Any CPU
		{7036A6AD-5766-4522-B49B-87B8F2A65B91}.Debug|Any CPU.Build.0 = Debug|Any CPU
		{7036A6AD-5766-4522-B49B-87B8F2A65B91}.Release|Any CPU.ActiveCfg = Release|Any CPU
		{7036A6AD-5766-4522-B49B-87B8F2A65B91}.Release|Any CPU.Build.0 = Release|Any CPU
		{7752E166-B19B-494A-ABC9-86D67802D733}.Debug|Any CPU.ActiveCfg = Debug|Any CPU
		{7752E166-B19B-494A-ABC9-86D67802D733}.Debug|Any CPU.Build.0 = Debug|Any CPU
		{7752E166-B19B-494A-ABC9-86D67802D733}.Release|Any CPU.ActiveCfg = Release|Any CPU
		{7752E166-B19B-494A-ABC9-86D67802D733}.Release|Any CPU.Build.0 = Release|Any CPU
	EndGlobalSection
	GlobalSection(SolutionProperties) = preSolution
		HideSolutionNode = FALSE
	EndGlobalSection
EndGlobal
